lockfileVersion: 5.3

specifiers:
  rimraf: ^3.0.2
  ts-node: ^10.0.0
  typescript: ^4.3.2

devDependencies:
  rimraf: 3.0.2
  ts-node: 10.0.0_typescript@4.3.2
  typescript: 4.3.2

packages:

  /@tsconfig/node10/1.0.8:
    resolution: {integrity: sha512-6XFfSQmMgq0CFLY1MslA/CPUfhIL919M1rMsa5lP2P097N2Wd1sSX0tx1u4olM16fLNhtHZpRhedZJphNJqmZg==}
    dev: true

  /@tsconfig/node12/1.0.8:
    resolution: {integrity: sha512-LM6XwBhjZRls1qJGpiM/It09SntEwe9M0riXRfQ9s6XlJQG0JPGl92ET18LtGeYh/GuOtafIXqwZeqLOd0FNFQ==}
    dev: true

  /@tsconfig/node14/1.0.1:
    resolution: {integrity: sha512-509r2+yARFfHHE7T6Puu2jjkoycftovhXRqW328PDXTVGKihlb1P8Z9mMZH04ebyajfRY7dedfGynlrFHJUQCg==}
    dev: true

  /@tsconfig/node16/1.0.1:
    resolution: {integrity: sha512-FTgBI767POY/lKNDNbIzgAX6miIDBs6NTCbdlDb8TrWovHsSvaVIZDlTqym29C6UqhzwcJx4CYr+AlrMywA0cA==}
    dev: true

  /arg/4.1.3:
    resolution: {integrity: sha512-58S9QDqG0Xx27YwPSt9fJxivjYl432YCwfDMfZ+71RAqUrZef7LrKQZ3LHLOwCS4FLNBplP533Zx895SeOCHvA==}
    dev: true

  /balanced-match/1.0.2:
    resolution: {integrity: sha512-3oSeUO0TMV67hN1AmbXsK4yaqU7tjiHlbxRDZOpH0KW9+CeX4bRAaX0Anxt0tx2MrpRpWwQaPwIlISEJhYU5Pw==}
    dev: true

  /brace-expansion/1.1.11:
    resolution: {integrity: sha512-iCuPHDFgrHX7H2vEI/5xpz07zSHB00TpugqhmYtVmMO6518mCuRMoOYFldEBl0g187ufozdaHgWKcYFb61qGiA==}
    dependencies:
      balanced-match: 1.0.2
      concat-map: 0.0.1
    dev: true

  /buffer-from/1.1.1:
    resolution: {integrity: sha512-MQcXEUbCKtEo7bhqEs6560Hyd4XaovZlO/k9V3hjVUF/zwW7KBVdSK4gIt/bzwS9MbR5qob+F5jusZsb0YQK2A==}
    dev: true

  /concat-map/0.0.1:
    resolution: {integrity: sha1-2Klr13/Wjfd5OnMDajug1UBdR3s=}
    dev: true

  /create-require/1.1.1:
    resolution: {integrity: sha512-dcKFX3jn0MpIaXjisoRvexIJVEKzaq7z2rZKxf+MSr9TkdmHmsU4m2lcLojrj/FHl8mk5VxMmYA+ftRkP/3oKQ==}
    dev: true

  /diff/4.0.2:
    resolution: {integrity: sha512-58lmxKSA4BNyLz+HHMUzlOEpg09FV+ev6ZMe3vJihgdxzgcwZ8VoEEPmALCZG9LmqfVoNMMKpttIYTVG6uDY7A==}
    engines: {node: '>=0.3.1'}
    dev: true

  /fs.realpath/1.0.0:
    resolution: {integrity: sha1-FQStJSMVjKpA20onh8sBQRmU6k8=}
    dev: true

  /glob/7.1.7:
    resolution: {integrity: sha512-OvD9ENzPLbegENnYP5UUfJIirTg4+XwMWGaQfQTY0JenxNvvIKP3U3/tAQSPIu/lHxXYSZmpXlUHeqAIdKzBLQ==}
    dependencies:
      fs.realpath: 1.0.0
      inflight: 1.0.6
      inherits: 2.0.4
      minimatch: 3.0.4
      once: 1.4.0
      path-is-absolute: 1.0.1
    dev: true

  /inflight/1.0.6:
    resolution: {integrity: sha1-Sb1jMdfQLQwJvJEKEHW6gWW1bfk=}
    dependencies:
      once: 1.4.0
      wrappy: 1.0.2
    dev: true

  /inherits/2.0.4:
    resolution: {integrity: sha512-k/vGaX4/Yla3WzyMCvTQOXYeIHvqOKtnqBduzTHpzpQZzAskKMhZ2K+EnBiSM9zGSoIFeMpXKxa4dYeZIQqewQ==}
    dev: true

  /make-error/1.3.6:
    resolution: {integrity: sha512-s8UhlNe7vPKomQhC1qFelMokr/Sc3AgNbso3n74mVPA5LTZwkB9NlXf4XPamLxJE8h0gh73rM94xvwRT2CVInw==}
    dev: true

  /minimatch/3.0.4:
    resolution: {integrity: sha512-yJHVQEhyqPLUTgt9B83PXu6W3rx4MvvHvSUvToogpwoGDOUQ+yDrR0HRot+yOCdCO7u4hX3pWft6kWBBcqh0UA==}
    dependencies:
      brace-expansion: 1.1.11
    dev: true

  /once/1.4.0:
    resolution: {integrity: sha1-WDsap3WWHUsROsF9nFC6753Xa9E=}
    dependencies:
      wrappy: 1.0.2
    dev: true

  /path-is-absolute/1.0.1:
    resolution: {integrity: sha1-F0uSaHNVNP+8es5r9TpanhtcX18=}
    engines: {node: '>=0.10.0'}
    dev: true

  /rimraf/3.0.2:
    resolution: {integrity: sha512-JZkJMZkAGFFPP2YqXZXPbMlMBgsxzE8ILs4lMIX/2o0L9UBw9O/Y3o6wFw/i9YLapcUJWwqbi3kdxIPdC62TIA==}
    hasBin: true
    dependencies:
      glob: 7.1.7
    dev: true

  /source-map-support/0.5.19:
    resolution: {integrity: sha512-Wonm7zOCIJzBGQdB+thsPar0kYuCIzYvxZwlBa87yi/Mdjv7Tip2cyVbLj5o0cFPN4EVkuTwb3GDDyUx2DGnGw==}
    dependencies:
      buffer-from: 1.1.1
      source-map: 0.6.1
    dev: true

  /source-map/0.6.1:
    resolution: {integrity: sha512-UjgapumWlbMhkBgzT7Ykc5YXUT46F0iKu8SGXq0bcwP5dz/h0Plj6enJqjz1Zbq2l5WaqYnrVbwWOWMyF3F47g==}
    engines: {node: '>=0.10.0'}
    dev: true

  /ts-node/10.0.0_typescript@4.3.2:
    resolution: {integrity: sha512-ROWeOIUvfFbPZkoDis0L/55Fk+6gFQNZwwKPLinacRl6tsxstTF1DbAcLKkovwnpKMVvOMHP1TIbnwXwtLg1gg==}
    engines: {node: '>=12.0.0'}
    hasBin: true
    peerDependencies:
      '@swc/core': '>=1.2.45'
      '@swc/wasm': '>=1.2.45'
      '@types/node': '*'
      typescript: '>=2.7'
    peerDependenciesMeta:
      '@swc/core':
        optional: true
      '@swc/wasm':
        optional: true
    dependencies:
      '@tsconfig/node10': 1.0.8
      '@tsconfig/node12': 1.0.8
      '@tsconfig/node14': 1.0.1
      '@tsconfig/node16': 1.0.1
      arg: 4.1.3
      create-require: 1.1.1
      diff: 4.0.2
      make-error: 1.3.6
      source-map-support: 0.5.19
      typescript: 4.3.2
      yn: 3.1.1
    dev: true

  /typescript/4.3.2:
    resolution: {integrity: sha512-zZ4hShnmnoVnAHpVHWpTcxdv7dWP60S2FsydQLV8V5PbS3FifjWFFRiHSWpDJahly88PRyV5teTSLoq4eG7mKw==}
    engines: {node: '>=4.2.0'}
    hasBin: true
    dev: true

  /wrappy/1.0.2:
    resolution: {integrity: sha1-tSQ9jz7BqjXxNkYFvA0QNuMKtp8=}
    dev: true

  /yn/3.1.1:
    resolution: {integrity: sha512-Ux4ygGWsu2c7isFWe8Yu1YluJmqVhxqK2cLXNQA5AcC3QfbGNpM7fu0Y8b/z16pXLnFxZYvWhd3fhBY9DLmC6Q==}
    engines: {node: '>=6'}
    dev: true
